// !$*UTF8*$!
{
	archiveVersion = 1;
	classes = {
	};
	objectVersion = 56;
	objects = {

/* Begin PBXBuildFile section */
		FC3422122B9698D000830B35 /* SignRecognition.mlmodel in Sources */ = {isa = PBXBuildFile; fileRef = FC3422112B9698D000830B35 /* SignRecognition.mlmodel */; };
		FC3422132B9698D000830B35 /* SignRecognition.mlmodel in Sources */ = {isa = PBXBuildFile; fileRef = FC3422112B9698D000830B35 /* SignRecognition.mlmodel */; };
		FC67DBDF2B0AE86F003347C4 /* SigningInStyleApp.swift in Sources */ = {isa = PBXBuildFile; fileRef = FC67DBDE2B0AE86F003347C4 /* SigningInStyleApp.swift */; };
		FC67DBE12B0AE86F003347C4 /* ContentView.swift in Sources */ = {isa = PBXBuildFile; fileRef = FC67DBE02B0AE86F003347C4 /* ContentView.swift */; };
		FC67DBE32B0AE870003347C4 /* Assets.xcassets in Resources */ = {isa = PBXBuildFile; fileRef = FC67DBE22B0AE870003347C4 /* Assets.xcassets */; };
		FC67DBE62B0AE870003347C4 /* Preview Assets.xcassets in Resources */ = {isa = PBXBuildFile; fileRef = FC67DBE52B0AE870003347C4 /* Preview Assets.xcassets */; };
		FC67DBF32B0AE904003347C4 /* SigningInStyleWatchApp.swift in Sources */ = {isa = PBXBuildFile; fileRef = FC67DBF22B0AE904003347C4 /* SigningInStyleWatchApp.swift */; };
		FC67DBF52B0AE904003347C4 /* ContentView.swift in Sources */ = {isa = PBXBuildFile; fileRef = FC67DBF42B0AE904003347C4 /* ContentView.swift */; };
		FC67DBF72B0AE905003347C4 /* Assets.xcassets in Resources */ = {isa = PBXBuildFile; fileRef = FC67DBF62B0AE905003347C4 /* Assets.xcassets */; };
		FC67DBFA2B0AE905003347C4 /* Preview Assets.xcassets in Resources */ = {isa = PBXBuildFile; fileRef = FC67DBF92B0AE905003347C4 /* Preview Assets.xcassets */; };
		FC67DBFD2B0AE905003347C4 /* SigningInStyleWatch Watch App.app in Embed Watch Content */ = {isa = PBXBuildFile; fileRef = FC67DBF02B0AE904003347C4 /* SigningInStyleWatch Watch App.app */; settings = {ATTRIBUTES = (RemoveHeadersOnCopy, ); }; };
		FCB7689A2B5C63DF00F39FCB /* Audio.swift in Sources */ = {isa = PBXBuildFile; fileRef = FCB768992B5C63DF00F39FCB /* Audio.swift */; };
/* End PBXBuildFile section */

/* Begin PBXContainerItemProxy section */
		FC67DBFB2B0AE905003347C4 /* PBXContainerItemProxy */ = {
			isa = PBXContainerItemProxy;
			containerPortal = FC67DBD32B0AE86F003347C4 /* Project object */;
			proxyType = 1;
			remoteGlobalIDString = FC67DBEF2B0AE904003347C4;
			remoteInfo = "SigningInStyleWatch Watch App";
		};
/* End PBXContainerItemProxy section */

/* Begin PBXCopyFilesBuildPhase section */
		FC67DBFE2B0AE905003347C4 /* Embed Watch Content */ = {
			isa = PBXCopyFilesBuildPhase;
			buildActionMask = 2147483647;
			dstPath = "$(CONTENTS_FOLDER_PATH)/Watch";
			dstSubfolderSpec = 16;
			files = (
				FC67DBFD2B0AE905003347C4 /* SigningInStyleWatch Watch App.app in Embed Watch Content */,
			);
			name = "Embed Watch Content";
			runOnlyForDeploymentPostprocessing = 0;
		};
/* End PBXCopyFilesBuildPhase section */

/* Begin PBXFileReference section */
		FC3422112B9698D000830B35 /* SignRecognition.mlmodel */ = {isa = PBXFileReference; lastKnownFileType = file.mlmodel; path = SignRecognition.mlmodel; sourceTree = "<group>"; };
		FC67DBDB2B0AE86F003347C4 /* SigningInStyle.app */ = {isa = PBXFileReference; explicitFileType = wrapper.application; includeInIndex = 0; path = SigningInStyle.app; sourceTree = BUILT_PRODUCTS_DIR; };
		FC67DBDE2B0AE86F003347C4 /* SigningInStyleApp.swift */ = {isa = PBXFileReference; lastKnownFileType = sourcecode.swift; path = SigningInStyleApp.swift; sourceTree = "<group>"; };
		FC67DBE02B0AE86F003347C4 /* ContentView.swift */ = {isa = PBXFileReference; lastKnownFileType = sourcecode.swift; path = ContentView.swift; sourceTree = "<group>"; };
		FC67DBE22B0AE870003347C4 /* Assets.xcassets */ = {isa = PBXFileReference; lastKnownFileType = folder.assetcatalog; path = Assets.xcassets; sourceTree = "<group>"; };
		FC67DBE52B0AE870003347C4 /* Preview Assets.xcassets */ = {isa = PBXFileReference; lastKnownFileType = folder.assetcatalog; path = "Preview Assets.xcassets"; sourceTree = "<group>"; };
		FC67DBF02B0AE904003347C4 /* SigningInStyleWatch Watch App.app */ = {isa = PBXFileReference; explicitFileType = wrapper.application; includeInIndex = 0; path = "SigningInStyleWatch Watch App.app"; sourceTree = BUILT_PRODUCTS_DIR; };
		FC67DBF22B0AE904003347C4 /* SigningInStyleWatchApp.swift */ = {isa = PBXFileReference; lastKnownFileType = sourcecode.swift; path = SigningInStyleWatchApp.swift; sourceTree = "<group>"; };
		FC67DBF42B0AE904003347C4 /* ContentView.swift */ = {isa = PBXFileReference; lastKnownFileType = sourcecode.swift; path = ContentView.swift; sourceTree = "<group>"; };
		FC67DBF62B0AE905003347C4 /* Assets.xcassets */ = {isa = PBXFileReference; lastKnownFileType = folder.assetcatalog; path = Assets.xcassets; sourceTree = "<group>"; };
		FC67DBF92B0AE905003347C4 /* Preview Assets.xcassets */ = {isa = PBXFileReference; lastKnownFileType = folder.assetcatalog; path = "Preview Assets.xcassets"; sourceTree = "<group>"; };
		FCB768992B5C63DF00F39FCB /* Audio.swift */ = {isa = PBXFileReference; lastKnownFileType = sourcecode.swift; path = Audio.swift; sourceTree = "<group>"; };
		FCEBAECF2B95882E00966785 /* GestureRecognition.mlproj */ = {isa = PBXFileReference; lastKnownFileType = wrapper; path = GestureRecognition.mlproj; sourceTree = "<group>"; };
/* End PBXFileReference section */

/* Begin PBXFrameworksBuildPhase section */
		FC67DBD82B0AE86F003347C4 /* Frameworks */ = {
			isa = PBXFrameworksBuildPhase;
			buildActionMask = 2147483647;
			files = (
			);
			runOnlyForDeploymentPostprocessing = 0;
		};
		FC67DBED2B0AE904003347C4 /* Frameworks */ = {
			isa = PBXFrameworksBuildPhase;
			buildActionMask = 2147483647;
			files = (
			);
			runOnlyForDeploymentPostprocessing = 0;
		};
/* End PBXFrameworksBuildPhase section */

/* Begin PBXGroup section */
		FC67DBD22B0AE86F003347C4 = {
			isa = PBXGroup;
			children = (
				FC67DBDD2B0AE86F003347C4 /* SigningInStyle */,
				FC67DBF12B0AE904003347C4 /* SigningInStyleWatch Watch App */,
				FC67DBDC2B0AE86F003347C4 /* Products */,
			);
			sourceTree = "<group>";
		};
		FC67DBDC2B0AE86F003347C4 /* Products */ = {
			isa = PBXGroup;
			children = (
				FC67DBDB2B0AE86F003347C4 /* SigningInStyle.app */,
				FC67DBF02B0AE904003347C4 /* SigningInStyleWatch Watch App.app */,
			);
			name = Products;
			sourceTree = "<group>";
		};
		FC67DBDD2B0AE86F003347C4 /* SigningInStyle */ = {
			isa = PBXGroup;
			children = (
				FC67DBDE2B0AE86F003347C4 /* SigningInStyleApp.swift */,
				FC67DBE02B0AE86F003347C4 /* ContentView.swift */,
				FC67DBE22B0AE870003347C4 /* Assets.xcassets */,
				FC67DBE42B0AE870003347C4 /* Preview Content */,
			);
			path = SigningInStyle;
			sourceTree = "<group>";
		};
		FC67DBE42B0AE870003347C4 /* Preview Content */ = {
			isa = PBXGroup;
			children = (
				FCEBAECF2B95882E00966785 /* GestureRecognition.mlproj */,
				FC67DBE52B0AE870003347C4 /* Preview Assets.xcassets */,
			);
			path = "Preview Content";
			sourceTree = "<group>";
		};
		FC67DBF12B0AE904003347C4 /* SigningInStyleWatch Watch App */ = {
			isa = PBXGroup;
			children = (
				FC3422112B9698D000830B35 /* SignRecognition.mlmodel */,
				FC67DBF22B0AE904003347C4 /* SigningInStyleWatchApp.swift */,
				FC67DBF42B0AE904003347C4 /* ContentView.swift */,
				FCB768992B5C63DF00F39FCB /* Audio.swift */,
				FC67DBF62B0AE905003347C4 /* Assets.xcassets */,
				FC67DBF82B0AE905003347C4 /* Preview Content */,
			);
			path = "SigningInStyleWatch Watch App";
			sourceTree = "<group>";
		};
		FC67DBF82B0AE905003347C4 /* Preview Content */ = {
			isa = PBXGroup;
			children = (
				FC67DBF92B0AE905003347C4 /* Preview Assets.xcassets */,
			);
			path = "Preview Content";
			sourceTree = "<group>";
		};
/* End PBXGroup section */

/* Begin PBXNativeTarget section */
		FC67DBDA2B0AE86F003347C4 /* SigningInStyle */ = {
			isa = PBXNativeTarget;
			buildConfigurationList = FC67DBE92B0AE870003347C4 /* Build configuration list for PBXNativeTarget "SigningInStyle" */;
			buildPhases = (
				FC67DBD72B0AE86F003347C4 /* Sources */,
				FC67DBD82B0AE86F003347C4 /* Frameworks */,
				FC67DBD92B0AE86F003347C4 /* Resources */,
				FC67DBFE2B0AE905003347C4 /* Embed Watch Content */,
			);
			buildRules = (
			);
			dependencies = (
				FC67DBFC2B0AE905003347C4 /* PBXTargetDependency */,
			);
			name = SigningInStyle;
			productName = SigningInStyle;
			productReference = FC67DBDB2B0AE86F003347C4 /* SigningInStyle.app */;
			productType = "com.apple.product-type.application";
		};
		FC67DBEF2B0AE904003347C4 /* SigningInStyleWatch Watch App */ = {
			isa = PBXNativeTarget;
			buildConfigurationList = FC67DC012B0AE905003347C4 /* Build configuration list for PBXNativeTarget "SigningInStyleWatch Watch App" */;
			buildPhases = (
				FC67DBEC2B0AE904003347C4 /* Sources */,
				FC67DBED2B0AE904003347C4 /* Frameworks */,
				FC67DBEE2B0AE904003347C4 /* Resources */,
			);
			buildRules = (
			);
			dependencies = (
			);
			name = "SigningInStyleWatch Watch App";
			productName = "SigningInStyleWatch Watch App";
			productReference = FC67DBF02B0AE904003347C4 /* SigningInStyleWatch Watch App.app */;
			productType = "com.apple.product-type.application";
		};
/* End PBXNativeTarget section */

/* Begin PBXProject section */
		FC67DBD32B0AE86F003347C4 /* Project object */ = {
			isa = PBXProject;
			attributes = {
				BuildIndependentTargetsInParallel = 1;
				LastSwiftUpdateCheck = 1430;
				LastUpgradeCheck = 1500;
				TargetAttributes = {
					FC67DBDA2B0AE86F003347C4 = {
						CreatedOnToolsVersion = 14.3.1;
					};
					FC67DBEF2B0AE904003347C4 = {
						CreatedOnToolsVersion = 14.3.1;
					};
				};
			};
			buildConfigurationList = FC67DBD62B0AE86F003347C4 /* Build configuration list for PBXProject "SigningInStyle" */;
			compatibilityVersion = "Xcode 14.0";
			developmentRegion = en;
			hasScannedForEncodings = 0;
			knownRegions = (
				en,
				Base,
			);
			mainGroup = FC67DBD22B0AE86F003347C4;
			productRefGroup = FC67DBDC2B0AE86F003347C4 /* Products */;
			projectDirPath = "";
			projectRoot = "";
			targets = (
				FC67DBDA2B0AE86F003347C4 /* SigningInStyle */,
				FC67DBEF2B0AE904003347C4 /* SigningInStyleWatch Watch App */,
			);
		};
/* End PBXProject section */

/* Begin PBXResourcesBuildPhase section */
		FC67DBD92B0AE86F003347C4 /* Resources */ = {
			isa = PBXResourcesBuildPhase;
			buildActionMask = 2147483647;
			files = (
				FC67DBE62B0AE870003347C4 /* Preview Assets.xcassets in Resources */,
				FC67DBE32B0AE870003347C4 /* Assets.xcassets in Resources */,
			);
			runOnlyForDeploymentPostprocessing = 0;
		};
		FC67DBEE2B0AE904003347C4 /* Resources */ = {
			isa = PBXResourcesBuildPhase;
			buildActionMask = 2147483647;
			files = (
				FC67DBFA2B0AE905003347C4 /* Preview Assets.xcassets in Resources */,
				FC67DBF72B0AE905003347C4 /* Assets.xcassets in Resources */,
			);
			runOnlyForDeploymentPostprocessing = 0;
		};
/* End PBXResourcesBuildPhase section */

/* Begin PBXSourcesBuildPhase section */
		FC67DBD72B0AE86F003347C4 /* Sources */ = {
			isa = PBXSourcesBuildPhase;
			buildActionMask = 2147483647;
			files = (
				FC67DBE12B0AE86F003347C4 /* ContentView.swift in Sources */,
				FC67DBDF2B0AE86F003347C4 /* SigningInStyleApp.swift in Sources */,
				FC3422122B9698D000830B35 /* SignRecognition.mlmodel in Sources */,
			);
			runOnlyForDeploymentPostprocessing = 0;
		};
		FC67DBEC2B0AE904003347C4 /* Sources */ = {
			isa = PBXSourcesBuildPhase;
			buildActionMask = 2147483647;
			files = (
				FCB7689A2B5C63DF00F39FCB /* Audio.swift in Sources */,
				FC3422132B9698D000830B35 /* SignRecognition.mlmodel in Sources */,
				FC67DBF52B0AE904003347C4 /* ContentView.swift in Sources */,
				FC67DBF32B0AE904003347C4 /* SigningInStyleWatchApp.swift in Sources */,
			);
			runOnlyForDeploymentPostprocessing = 0;
		};
/* End PBXSourcesBuildPhase section */

/* Begin PBXTargetDependency section */
		FC67DBFC2B0AE905003347C4 /* PBXTargetDependency */ = {
			isa = PBXTargetDependency;
			target = FC67DBEF2B0AE904003347C4 /* SigningInStyleWatch Watch App */;
			targetProxy = FC67DBFB2B0AE905003347C4 /* PBXContainerItemProxy */;
		};
/* End PBXTargetDependency section */

/* Begin XCBuildConfiguration section */
		FC67DBE72B0AE870003347C4 /* Debug */ = {
			isa = XCBuildConfiguration;
			buildSettings = {
				ALWAYS_SEARCH_USER_PATHS = NO;
				CLANG_ANALYZER_NONNULL = YES;
				CLANG_ANALYZER_NUMBER_OBJECT_CONVERSION = YES_AGGRESSIVE;
				CLANG_CXX_LANGUAGE_STANDARD = "gnu++20";
				CLANG_ENABLE_MODULES = YES;
				CLANG_ENABLE_OBJC_ARC = YES;
				CLANG_ENABLE_OBJC_WEAK = YES;
				CLANG_WARN_BLOCK_CAPTURE_AUTORELEASING = YES;
				CLANG_WARN_BOOL_CONVERSION = YES;
				CLANG_WARN_COMMA = YES;
				CLANG_WARN_CONSTANT_CONVERSION = YES;
				CLANG_WARN_DEPRECATED_OBJC_IMPLEMENTATIONS = YES;
				CLANG_WARN_DIRECT_OBJC_ISA_USAGE = YES_ERROR;
				CLANG_WARN_DOCUMENTATION_COMMENTS = YES;
				CLANG_WARN_EMPTY_BODY = YES;
				CLANG_WARN_ENUM_CONVERSION = YES;
				CLANG_WARN_INFINITE_RECURSION = YES;
				CLANG_WARN_INT_CONVERSION = YES;
				CLANG_WARN_NON_LITERAL_NULL_CONVERSION = YES;
				CLANG_WARN_OBJC_IMPLICIT_RETAIN_SELF = YES;
				CLANG_WARN_OBJC_LITERAL_CONVERSION = YES;
				CLANG_WARN_OBJC_ROOT_CLASS = YES_ERROR;
				CLANG_WARN_QUOTED_INCLUDE_IN_FRAMEWORK_HEADER = YES;
				CLANG_WARN_RANGE_LOOP_ANALYSIS = YES;
				CLANG_WARN_STRICT_PROTOTYPES = YES;
				CLANG_WARN_SUSPICIOUS_MOVE = YES;
				CLANG_WARN_UNGUARDED_AVAILABILITY = YES_AGGRESSIVE;
				CLANG_WARN_UNREACHABLE_CODE = YES;
				CLANG_WARN__DUPLICATE_METHOD_MATCH = YES;
				COPY_PHASE_STRIP = NO;
				DEBUG_INFORMATION_FORMAT = dwarf;
				ENABLE_STRICT_OBJC_MSGSEND = YES;
				ENABLE_TESTABILITY = YES;
				ENABLE_USER_SCRIPT_SANDBOXING = YES;
				GCC_C_LANGUAGE_STANDARD = gnu11;
				GCC_DYNAMIC_NO_PIC = NO;
				GCC_NO_COMMON_BLOCKS = YES;
				GCC_OPTIMIZATION_LEVEL = 0;
				GCC_PREPROCESSOR_DEFINITIONS = (
					"DEBUG=1",
					"$(inherited)",
				);
				GCC_WARN_64_TO_32_BIT_CONVERSION = YES;
				GCC_WARN_ABOUT_RETURN_TYPE = YES_ERROR;
				GCC_WARN_UNDECLARED_SELECTOR = YES;
				GCC_WARN_UNINITIALIZED_AUTOS = YES_AGGRESSIVE;
				GCC_WARN_UNUSED_FUNCTION = YES;
				GCC_WARN_UNUSED_VARIABLE = YES;
				IPHONEOS_DEPLOYMENT_TARGET = 16.4;
				MTL_ENABLE_DEBUG_INFO = INCLUDE_SOURCE;
				MTL_FAST_MATH = YES;
				ONLY_ACTIVE_ARCH = YES;
				SDKROOT = iphoneos;
				SWIFT_ACTIVE_COMPILATION_CONDITIONS = DEBUG;
				SWIFT_OPTIMIZATION_LEVEL = "-Onone";
				WATCHOS_DEPLOYMENT_TARGET = 7.3;
			};
			name = Debug;
		};
		FC67DBE82B0AE870003347C4 /* Release */ = {
			isa = XCBuildConfiguration;
			buildSettings = {
				ALWAYS_SEARCH_USER_PATHS = NO;
				CLANG_ANALYZER_NONNULL = YES;
				CLANG_ANALYZER_NUMBER_OBJECT_CONVERSION = YES_AGGRESSIVE;
				CLANG_CXX_LANGUAGE_STANDARD = "gnu++20";
				CLANG_ENABLE_MODULES = YES;
				CLANG_ENABLE_OBJC_ARC = YES;
				CLANG_ENABLE_OBJC_WEAK = YES;
				CLANG_WARN_BLOCK_CAPTURE_AUTORELEASING = YES;
				CLANG_WARN_BOOL_CONVERSION = YES;
				CLANG_WARN_COMMA = YES;
				CLANG_WARN_CONSTANT_CONVERSION = YES;
				CLANG_WARN_DEPRECATED_OBJC_IMPLEMENTATIONS = YES;
				CLANG_WARN_DIRECT_OBJC_ISA_USAGE = YES_ERROR;
				CLANG_WARN_DOCUMENTATION_COMMENTS = YES;
				CLANG_WARN_EMPTY_BODY = YES;
				CLANG_WARN_ENUM_CONVERSION = YES;
				CLANG_WARN_INFINITE_RECURSION = YES;
				CLANG_WARN_INT_CONVERSION = YES;
				CLANG_WARN_NON_LITERAL_NULL_CONVERSION = YES;
				CLANG_WARN_OBJC_IMPLICIT_RETAIN_SELF = YES;
				CLANG_WARN_OBJC_LITERAL_CONVERSION = YES;
				CLANG_WARN_OBJC_ROOT_CLASS = YES_ERROR;
				CLANG_WARN_QUOTED_INCLUDE_IN_FRAMEWORK_HEADER = YES;
				CLANG_WARN_RANGE_LOOP_ANALYSIS = YES;
				CLANG_WARN_STRICT_PROTOTYPES = YES;
				CLANG_WARN_SUSPICIOUS_MOVE = YES;
				CLANG_WARN_UNGUARDED_AVAILABILITY = YES_AGGRESSIVE;
				CLANG_WARN_UNREACHABLE_CODE = YES;
				CLANG_WARN__DUPLICATE_METHOD_MATCH = YES;
				COPY_PHASE_STRIP = NO;
				DEBUG_INFORMATION_FORMAT = "dwarf-with-dsym";
				ENABLE_NS_ASSERTIONS = NO;
				ENABLE_STRICT_OBJC_MSGSEND = YES;
				ENABLE_USER_SCRIPT_SANDBOXING = YES;
				GCC_C_LANGUAGE_STANDARD = gnu11;
				GCC_NO_COMMON_BLOCKS = YES;
				GCC_WARN_64_TO_32_BIT_CONVERSION = YES;
				GCC_WARN_ABOUT_RETURN_TYPE = YES_ERROR;
				GCC_WARN_UNDECLARED_SELECTOR = YES;
				GCC_WARN_UNINITIALIZED_AUTOS = YES_AGGRESSIVE;
				GCC_WARN_UNUSED_FUNCTION = YES;
				GCC_WARN_UNUSED_VARIABLE = YES;
				IPHONEOS_DEPLOYMENT_TARGET = 16.4;
				MTL_ENABLE_DEBUG_INFO = NO;
				MTL_FAST_MATH = YES;
				SDKROOT = iphoneos;
				SWIFT_COMPILATION_MODE = wholemodule;
				SWIFT_OPTIMIZATION_LEVEL = "-O";
				VALIDATE_PRODUCT = YES;
				WATCHOS_DEPLOYMENT_TARGET = 7.3;
			};
			name = Release;
		};
		FC67DBEA2B0AE870003347C4 /* Debug */ = {
			isa = XCBuildConfiguration;
			buildSettings = {
				ALWAYS_EMBED_SWIFT_STANDARD_LIBRARIES = YES;
				ASSETCATALOG_COMPILER_APPICON_NAME = AppIcon;
				ASSETCATALOG_COMPILER_GLOBAL_ACCENT_COLOR_NAME = AccentColor;
				CODE_SIGN_IDENTITY = "Apple Development";
				CODE_SIGN_STYLE = Automatic;
				CURRENT_PROJECT_VERSION = 1;
				DEVELOPMENT_ASSET_PATHS = "\"SigningInStyle/Preview Content\"";
				DEVELOPMENT_TEAM = TG4894X499;
				ENABLE_PREVIEWS = YES;
				GENERATE_INFOPLIST_FILE = YES;
				INFOPLIST_KEY_UIApplicationSceneManifest_Generation = YES;
				INFOPLIST_KEY_UIApplicationSupportsIndirectInputEvents = YES;
				INFOPLIST_KEY_UILaunchScreen_Generation = YES;
				INFOPLIST_KEY_UISupportedInterfaceOrientations_iPad = "UIInterfaceOrientationPortrait UIInterfaceOrientationPortraitUpsideDown UIInterfaceOrientationLandscapeLeft UIInterfaceOrientationLandscapeRight";
				INFOPLIST_KEY_UISupportedInterfaceOrientations_iPhone = "UIInterfaceOrientationPortrait UIInterfaceOrientationLandscapeLeft UIInterfaceOrientationLandscapeRight";
				LD_RUNPATH_SEARCH_PATHS = (
					"$(inherited)",
					"@executable_path/Frameworks",
				);
				MARKETING_VERSION = 1.0;
				PRODUCT_BUNDLE_IDENTIFIER = TheWomenInYourClass.SigningInStyle;
				PRODUCT_NAME = "$(TARGET_NAME)";
				PROVISIONING_PROFILE_SPECIFIER = "";
				SWIFT_EMIT_LOC_STRINGS = YES;
				SWIFT_VERSION = 5.0;
				TARGETED_DEVICE_FAMILY = "1,2";
			};
			name = Debug;
		};
		FC67DBEB2B0AE870003347C4 /* Release */ = {
			isa = XCBuildConfiguration;
			buildSettings = {
				ALWAYS_EMBED_SWIFT_STANDARD_LIBRARIES = YES;
				ASSETCATALOG_COMPILER_APPICON_NAME = AppIcon;
				ASSETCATALOG_COMPILER_GLOBAL_ACCENT_COLOR_NAME = AccentColor;
				CODE_SIGN_IDENTITY = "Apple Development";
				CODE_SIGN_STYLE = Automatic;
				CURRENT_PROJECT_VERSION = 1;
				DEVELOPMENT_ASSET_PATHS = "\"SigningInStyle/Preview Content\"";
				DEVELOPMENT_TEAM = TG4894X499;
				ENABLE_PREVIEWS = YES;
				GENERATE_INFOPLIST_FILE = YES;
				INFOPLIST_KEY_UIApplicationSceneManifest_Generation = YES;
				INFOPLIST_KEY_UIApplicationSupportsIndirectInputEvents = YES;
				INFOPLIST_KEY_UILaunchScreen_Generation = YES;
				INFOPLIST_KEY_UISupportedInterfaceOrientations_iPad = "UIInterfaceOrientationPortrait UIInterfaceOrientationPortraitUpsideDown UIInterfaceOrientationLandscapeLeft UIInterfaceOrientationLandscapeRight";
				INFOPLIST_KEY_UISupportedInterfaceOrientations_iPhone = "UIInterfaceOrientationPortrait UIInterfaceOrientationLandscapeLeft UIInterfaceOrientationLandscapeRight";
				LD_RUNPATH_SEARCH_PATHS = (
					"$(inherited)",
					"@executable_path/Frameworks",
				);
				MARKETING_VERSION = 1.0;
				PRODUCT_BUNDLE_IDENTIFIER = TheWomenInYourClass.SigningInStyle;
				PRODUCT_NAME = "$(TARGET_NAME)";
				PROVISIONING_PROFILE_SPECIFIER = "";
				SWIFT_EMIT_LOC_STRINGS = YES;
				SWIFT_VERSION = 5.0;
				TARGETED_DEVICE_FAMILY = "1,2";
			};
			name = Release;
		};
		FC67DBFF2B0AE905003347C4 /* Debug */ = {
			isa = XCBuildConfiguration;
			buildSettings = {
				ASSETCATALOG_COMPILER_APPICON_NAME = AppIcon;
				ASSETCATALOG_COMPILER_GLOBAL_ACCENT_COLOR_NAME = AccentColor;
				CODE_SIGN_STYLE = Automatic;
				CURRENT_PROJECT_VERSION = 1;
				DEVELOPMENT_ASSET_PATHS = "\"SigningInStyleWatch Watch App/Preview Content\"";
				DEVELOPMENT_TEAM = TG4894X499;
				ENABLE_PREVIEWS = YES;
				GENERATE_INFOPLIST_FILE = YES;
				INFOPLIST_KEY_CFBundleDisplayName = SigningInStyleWatch;
				INFOPLIST_KEY_UISupportedInterfaceOrientations = "UIInterfaceOrientationPortrait UIInterfaceOrientationPortraitUpsideDown";
				INFOPLIST_KEY_WKCompanionAppBundleIdentifier = TheWomenInYourClass.SigningInStyle;
				INFOPLIST_KEY_WKRunsIndependentlyOfCompanionApp = NO;
				LD_RUNPATH_SEARCH_PATHS = (
					"$(inherited)",
					"@executable_path/Frameworks",
				);
				MARKETING_VERSION = 1.0;
				PRODUCT_BUNDLE_IDENTIFIER = TheWomenInYourClass.SigningInStyle.watchkitapp;
				PRODUCT_NAME = "$(TARGET_NAME)";
				SDKROOT = watchos;
				SKIP_INSTALL = YES;
				SWIFT_EMIT_LOC_STRINGS = YES;
				SWIFT_VERSION = 5.0;
				TARGETED_DEVICE_FAMILY = 4;
				WATCHOS_DEPLOYMENT_TARGET = 7.3;
			};
			name = Debug;
		};
		FC67DC002B0AE905003347C4 /* Release */ = {
			isa = XCBuildConfiguration;
			buildSettings = {
				ASSETCATALOG_COMPILER_APPICON_NAME = AppIcon;
				ASSETCATALOG_COMPILER_GLOBAL_ACCENT_COLOR_NAME = AccentColor;
				CODE_SIGN_STYLE = Automatic;
				CURRENT_PROJECT_VERSION = 1;
				DEVELOPMENT_ASSET_PATHS = "\"SigningInStyleWatch Watch App/Preview Content\"";
				DEVELOPMENT_TEAM = TG4894X499;
				ENABLE_PREVIEWS = YES;
				GENERATE_INFOPLIST_FILE = YES;
				INFOPLIST_KEY_CFBundleDisplayName = SigningInStyleWatch;
				INFOPLIST_KEY_UISupportedInterfaceOrientations = "UIInterfaceOrientationPortrait UIInterfaceOrientationPortraitUpsideDown";
				INFOPLIST_KEY_WKCompanionAppBundleIdentifier = TheWomenInYourClass.SigningInStyle;
				INFOPLIST_KEY_WKRunsIndependentlyOfCompanionApp = NO;
				LD_RUNPATH_SEARCH_PATHS = (
					"$(inherited)",
					"@executable_path/Frameworks",
				);
				MARKETING_VERSION = 1.0;
				PRODUCT_BUNDLE_IDENTIFIER = TheWomenInYourClass.SigningInStyle.watchkitapp;
				PRODUCT_NAME = "$(TARGET_NAME)";
				SDKROOT = watchos;
				SKIP_INSTALL = YES;
				SWIFT_EMIT_LOC_STRINGS = YES;
				SWIFT_VERSION = 5.0;
				TARGETED_DEVICE_FAMILY = 4;
				WATCHOS_DEPLOYMENT_TARGET = 7.3;
			};
			name = Release;
		};
/* End XCBuildConfiguration section */

/* Begin XCConfigurationList section */
		FC67DBD62B0AE86F003347C4 /* Build configuration list for PBXProject "SigningInStyle" */ = {
			isa = XCConfigurationList;
			buildConfigurations = (
				FC67DBE72B0AE870003347C4 /* Debug */,
				FC67DBE82B0AE870003347C4 /* Release */,
			);
			defaultConfigurationIsVisible = 0;
			defaultConfigurationName = Release;
		};
		FC67DBE92B0AE870003347C4 /* Build configuration list for PBXNativeTarget "SigningInStyle" */ = {
			isa = XCConfigurationList;
			buildConfigurations = (
				FC67DBEA2B0AE870003347C4 /* Debug */,
				FC67DBEB2B0AE870003347C4 /* Release */,
			);
			defaultConfigurationIsVisible = 0;
			defaultConfigurationName = Release;
		};
		FC67DC012B0AE905003347C4 /* Build configuration list for PBXNativeTarget "SigningInStyleWatch Watch App" */ = {
			isa = XCConfigurationList;
			buildConfigurations = (
				FC67DBFF2B0AE905003347C4 /* Debug */,
				FC67DC002B0AE905003347C4 /* Release */,
			);
			defaultConfigurationIsVisible = 0;
			defaultConfigurationName = Release;
		};
/* End XCConfigurationList section */
	};
	rootObject = FC67DBD32B0AE86F003347C4 /* Project object */;
}
